
Microsoft Visual Studio Solution File, Format Version 12.00
# Visual Studio Version 17
VisualStudioVersion = 17.2.32616.157
MinimumVisualStudioVersion = 10.0.40219.1
Project("{FAE04EC0-301F-11D3-BF4B-00C04F79EFBC}") = "QuestionNo5", "QuestionNo5\QuestionNo5.csproj", "{F615DA0D-BF69-426A-A2BC-292F182C9A9C}"
EndProject
Global
	GlobalSection(SolutionConfigurationPlatforms) = preSolution
		Debug|Any CPU = Debug|Any CPU
		Release|Any CPU = Release|Any CPU
	EndGlobalSection
	GlobalSection(ProjectConfigurationPlatforms) = postSolution
		{F615DA0D-BF69-426A-A2BC-292F182C9A9C}.Debug|Any CPU.ActiveCfg = Debug|Any CPU
		{F615DA0D-BF69-426A-A2BC-292F182C9A9C}.Debug|Any CPU.Build.0 = Debug|Any CPU
		{F615DA0D-BF69-426A-A2BC-292F182C9A9C}.Release|Any CPU.ActiveCfg = Release|Any CPU
		{F615DA0D-BF69-426A-A2BC-292F182C9A9C}.Release|Any CPU.Build.0 = Release|Any CPU
	EndGlobalSection
	GlobalSection(SolutionProperties) = preSolution
		HideSolutionNode = FALSE
	EndGlobalSection
	GlobalSection(ExtensibilityGlobals) = postSolution
		SolutionGuid = {242D4E28-8A4D-4266-A735-0F54F5633638}
	EndGlobalSection
EndGlobal
