
Microsoft Visual Studio Solution File, Format Version 12.00
# Visual Studio Version 17
VisualStudioVersion = 17.2.32616.157
MinimumVisualStudioVersion = 10.0.40219.1
Project("{FAE04EC0-301F-11D3-BF4B-00C04F79EFBC}") = "QuestionNo2", "QuestionNo2\QuestionNo2.csproj", "{14BB8C51-E9E3-4DC9-9192-BCBA24FD14BD}"
EndProject
Global
	GlobalSection(SolutionConfigurationPlatforms) = preSolution
		Debug|Any CPU = Debug|Any CPU
		Release|Any CPU = Release|Any CPU
	EndGlobalSection
	GlobalSection(ProjectConfigurationPlatforms) = postSolution
		{14BB8C51-E9E3-4DC9-9192-BCBA24FD14BD}.Debug|Any CPU.ActiveCfg = Debug|Any CPU
		{14BB8C51-E9E3-4DC9-9192-BCBA24FD14BD}.Debug|Any CPU.Build.0 = Debug|Any CPU
		{14BB8C51-E9E3-4DC9-9192-BCBA24FD14BD}.Release|Any CPU.ActiveCfg = Release|Any CPU
		{14BB8C51-E9E3-4DC9-9192-BCBA24FD14BD}.Release|Any CPU.Build.0 = Release|Any CPU
	EndGlobalSection
	GlobalSection(SolutionProperties) = preSolution
		HideSolutionNode = FALSE
	EndGlobalSection
	GlobalSection(ExtensibilityGlobals) = postSolution
		SolutionGuid = {61EEDAF3-49F1-4BDE-AFFC-4A77E91AAF88}
	EndGlobalSection
EndGlobal
