
Microsoft Visual Studio Solution File, Format Version 12.00
# Visual Studio Version 17
VisualStudioVersion = 17.2.32616.157
MinimumVisualStudioVersion = 10.0.40219.1
Project("{FAE04EC0-301F-11D3-BF4B-00C04F79EFBC}") = "QuestionNo10", "QuestionNo10\QuestionNo10.csproj", "{FDE3DBAF-1170-4066-B001-F6C7439703ED}"
EndProject
Global
	GlobalSection(SolutionConfigurationPlatforms) = preSolution
		Debug|Any CPU = Debug|Any CPU
		Release|Any CPU = Release|Any CPU
	EndGlobalSection
	GlobalSection(ProjectConfigurationPlatforms) = postSolution
		{FDE3DBAF-1170-4066-B001-F6C7439703ED}.Debug|Any CPU.ActiveCfg = Debug|Any CPU
		{FDE3DBAF-1170-4066-B001-F6C7439703ED}.Debug|Any CPU.Build.0 = Debug|Any CPU
		{FDE3DBAF-1170-4066-B001-F6C7439703ED}.Release|Any CPU.ActiveCfg = Release|Any CPU
		{FDE3DBAF-1170-4066-B001-F6C7439703ED}.Release|Any CPU.Build.0 = Release|Any CPU
	EndGlobalSection
	GlobalSection(SolutionProperties) = preSolution
		HideSolutionNode = FALSE
	EndGlobalSection
	GlobalSection(ExtensibilityGlobals) = postSolution
		SolutionGuid = {366E3656-3BAD-46B8-946E-5AE14CC2435B}
	EndGlobalSection
EndGlobal
